// !$*UTF8*$!
{
	archiveVersion = 1;
	classes = {
	};
	objectVersion = 50;
	objects = {

/* Begin PBXBuildFile section */
		FA937E4F291A93A500D27D47 /* AppDelegate.swift in Sources */ = {isa = PBXBuildFile; fileRef = FA937E4E291A93A500D27D47 /* AppDelegate.swift */; };
		FA937E51291A93A500D27D47 /* SceneDelegate.swift in Sources */ = {isa = PBXBuildFile; fileRef = FA937E50291A93A500D27D47 /* SceneDelegate.swift */; };
		FA937E53291A93A500D27D47 /* ViewController.swift in Sources */ = {isa = PBXBuildFile; fileRef = FA937E52291A93A500D27D47 /* ViewController.swift */; };
		FA937E56291A93A500D27D47 /* Main.storyboard in Resources */ = {isa = PBXBuildFile; fileRef = FA937E54291A93A500D27D47 /* Main.storyboard */; };
		FA937E58291A93A900D27D47 /* Assets.xcassets in Resources */ = {isa = PBXBuildFile; fileRef = FA937E57291A93A900D27D47 /* Assets.xcassets */; };
		FA937E5B291A93A900D27D47 /* LaunchScreen.storyboard in Resources */ = {isa = PBXBuildFile; fileRef = FA937E59291A93A900D27D47 /* LaunchScreen.storyboard */; };
		FA937E66291A93A900D27D47 /* gitTestTests.swift in Sources */ = {isa = PBXBuildFile; fileRef = FA937E65291A93A900D27D47 /* gitTestTests.swift */; };
		FA937E71291A93A900D27D47 /* gitTestUITests.swift in Sources */ = {isa = PBXBuildFile; fileRef = FA937E70291A93A900D27D47 /* gitTestUITests.swift */; };
/* End PBXBuildFile section */

/* Begin PBXContainerItemProxy section */
		FA937E62291A93A900D27D47 /* PBXContainerItemProxy */ = {
			isa = PBXContainerItemProxy;
			containerPortal = FA937E43291A93A500D27D47 /* Project object */;
			proxyType = 1;
			remoteGlobalIDString = FA937E4A291A93A500D27D47;
			remoteInfo = gitTest;
		};
		FA937E6D291A93A900D27D47 /* PBXContainerItemProxy */ = {
			isa = PBXContainerItemProxy;
			containerPortal = FA937E43291A93A500D27D47 /* Project object */;
			proxyType = 1;
			remoteGlobalIDString = FA937E4A291A93A500D27D47;
			remoteInfo = gitTest;
		};
/* End PBXContainerItemProxy section */

/* Begin PBXFileReference section */
		FA937E4B291A93A500D27D47 /* gitTest.app */ = {isa = PBXFileReference; explicitFileType = wrapper.application; includeInIndex = 0; path = gitTest.app; sourceTree = BUILT_PRODUCTS_DIR; };
		FA937E4E291A93A500D27D47 /* AppDelegate.swift */ = {isa = PBXFileReference; lastKnownFileType = sourcecode.swift; path = AppDelegate.swift; sourceTree = "<group>"; };
		FA937E50291A93A500D27D47 /* SceneDelegate.swift */ = {isa = PBXFileReference; lastKnownFileType = sourcecode.swift; path = SceneDelegate.swift; sourceTree = "<group>"; };
		FA937E52291A93A500D27D47 /* ViewController.swift */ = {isa = PBXFileReference; lastKnownFileType = sourcecode.swift; path = ViewController.swift; sourceTree = "<group>"; };
		FA937E55291A93A500D27D47 /* Base */ = {isa = PBXFileReference; lastKnownFileType = file.storyboard; name = Base; path = Base.lproj/Main.storyboard; sourceTree = "<group>"; };
		FA937E57291A93A900D27D47 /* Assets.xcassets */ = {isa = PBXFileReference; lastKnownFileType = folder.assetcatalog; path = Assets.xcassets; sourceTree = "<group>"; };
		FA937E5A291A93A900D27D47 /* Base */ = {isa = PBXFileReference; lastKnownFileType = file.storyboard; name = Base; path = Base.lproj/LaunchScreen.storyboard; sourceTree = "<group>"; };
		FA937E5C291A93A900D27D47 /* Info.plist */ = {isa = PBXFileReference; lastKnownFileType = text.plist.xml; path = Info.plist; sourceTree = "<group>"; };
		FA937E61291A93A900D27D47 /* gitTestTests.xctest */ = {isa = PBXFileReference; explicitFileType = wrapper.cfbundle; includeInIndex = 0; path = gitTestTests.xctest; sourceTree = BUILT_PRODUCTS_DIR; };
		FA937E65291A93A900D27D47 /* gitTestTests.swift */ = {isa = PBXFileReference; lastKnownFileType = sourcecode.swift; path = gitTestTests.swift; sourceTree = "<group>"; };
		FA937E67291A93A900D27D47 /* Info.plist */ = {isa = PBXFileReference; lastKnownFileType = text.plist.xml; path = Info.plist; sourceTree = "<group>"; };
		FA937E6C291A93A900D27D47 /* gitTestUITests.xctest */ = {isa = PBXFileReference; explicitFileType = wrapper.cfbundle; includeInIndex = 0; path = gitTestUITests.xctest; sourceTree = BUILT_PRODUCTS_DIR; };
		FA937E70291A93A900D27D47 /* gitTestUITests.swift */ = {isa = PBXFileReference; lastKnownFileType = sourcecode.swift; path = gitTestUITests.swift; sourceTree = "<group>"; };
		FA937E72291A93A900D27D47 /* Info.plist */ = {isa = PBXFileReference; lastKnownFileType = text.plist.xml; path = Info.plist; sourceTree = "<group>"; };
/* End PBXFileReference section */

/* Begin PBXFrameworksBuildPhase section */
		FA937E48291A93A500D27D47 /* Frameworks */ = {
			isa = PBXFrameworksBuildPhase;
			buildActionMask = 2147483647;
			files = (
			);
			runOnlyForDeploymentPostprocessing = 0;
		};
		FA937E5E291A93A900D27D47 /* Frameworks */ = {
			isa = PBXFrameworksBuildPhase;
			buildActionMask = 2147483647;
			files = (
			);
			runOnlyForDeploymentPostprocessing = 0;
		};
		FA937E69291A93A900D27D47 /* Frameworks */ = {
			isa = PBXFrameworksBuildPhase;
			buildActionMask = 2147483647;
			files = (
			);
			runOnlyForDeploymentPostprocessing = 0;
		};
/* End PBXFrameworksBuildPhase section */

/* Begin PBXGroup section */
		FA937E42291A93A500D27D47 = {
			isa = PBXGroup;
			children = (
				FA937E4D291A93A500D27D47 /* gitTest */,
				FA937E64291A93A900D27D47 /* gitTestTests */,
				FA937E6F291A93A900D27D47 /* gitTestUITests */,
				FA937E4C291A93A500D27D47 /* Products */,
			);
			sourceTree = "<group>";
		};
		FA937E4C291A93A500D27D47 /* Products */ = {
			isa = PBXGroup;
			children = (
				FA937E4B291A93A500D27D47 /* gitTest.app */,
				FA937E61291A93A900D27D47 /* gitTestTests.xctest */,
				FA937E6C291A93A900D27D47 /* gitTestUITests.xctest */,
			);
			name = Products;
			sourceTree = "<group>";
		};
		FA937E4D291A93A500D27D47 /* gitTest */ = {
			isa = PBXGroup;
			children = (
				FA937E4E291A93A500D27D47 /* AppDelegate.swift */,
				FA937E50291A93A500D27D47 /* SceneDelegate.swift */,
				FA937E52291A93A500D27D47 /* ViewController.swift */,
				FA937E54291A93A500D27D47 /* Main.storyboard */,
				FA937E57291A93A900D27D47 /* Assets.xcassets */,
				FA937E59291A93A900D27D47 /* LaunchScreen.storyboard */,
				FA937E5C291A93A900D27D47 /* Info.plist */,
			);
			path = gitTest;
			sourceTree = "<group>";
		};
		FA937E64291A93A900D27D47 /* gitTestTests */ = {
			isa = PBXGroup;
			children = (
				FA937E65291A93A900D27D47 /* gitTestTests.swift */,
				FA937E67291A93A900D27D47 /* Info.plist */,
			);
			path = gitTestTests;
			sourceTree = "<group>";
		};
		FA937E6F291A93A900D27D47 /* gitTestUITests */ = {
			isa = PBXGroup;
			children = (
				FA937E70291A93A900D27D47 /* gitTestUITests.swift */,
				FA937E72291A93A900D27D47 /* Info.plist */,
			);
			path = gitTestUITests;
			sourceTree = "<group>";
		};
/* End PBXGroup section */

/* Begin PBXNativeTarget section */
		FA937E4A291A93A500D27D47 /* gitTest */ = {
			isa = PBXNativeTarget;
			buildConfigurationList = FA937E75291A93A900D27D47 /* Build configuration list for PBXNativeTarget "gitTest" */;
			buildPhases = (
				FA937E47291A93A500D27D47 /* Sources */,
				FA937E48291A93A500D27D47 /* Frameworks */,
				FA937E49291A93A500D27D47 /* Resources */,
			);
			buildRules = (
			);
			dependencies = (
			);
			name = gitTest;
			productName = gitTest;
			productReference = FA937E4B291A93A500D27D47 /* gitTest.app */;
			productType = "com.apple.product-type.application";
		};
		FA937E60291A93A900D27D47 /* gitTestTests */ = {
			isa = PBXNativeTarget;
			buildConfigurationList = FA937E78291A93A900D27D47 /* Build configuration list for PBXNativeTarget "gitTestTests" */;
			buildPhases = (
				FA937E5D291A93A900D27D47 /* Sources */,
				FA937E5E291A93A900D27D47 /* Frameworks */,
				FA937E5F291A93A900D27D47 /* Resources */,
			);
			buildRules = (
			);
			dependencies = (
				FA937E63291A93A900D27D47 /* PBXTargetDependency */,
			);
			name = gitTestTests;
			productName = gitTestTests;
			productReference = FA937E61291A93A900D27D47 /* gitTestTests.xctest */;
			productType = "com.apple.product-type.bundle.unit-test";
		};
		FA937E6B291A93A900D27D47 /* gitTestUITests */ = {
			isa = PBXNativeTarget;
			buildConfigurationList = FA937E7B291A93A900D27D47 /* Build configuration list for PBXNativeTarget "gitTestUITests" */;
			buildPhases = (
				FA937E68291A93A900D27D47 /* Sources */,
				FA937E69291A93A900D27D47 /* Frameworks */,
				FA937E6A291A93A900D27D47 /* Resources */,
			);
			buildRules = (
			);
			dependencies = (
				FA937E6E291A93A900D27D47 /* PBXTargetDependency */,
			);
			name = gitTestUITests;
			productName = gitTestUITests;
			productReference = FA937E6C291A93A900D27D47 /* gitTestUITests.xctest */;
			productType = "com.apple.product-type.bundle.ui-testing";
		};
/* End PBXNativeTarget section */

/* Begin PBXProject section */
		FA937E43291A93A500D27D47 /* Project object */ = {
			isa = PBXProject;
			attributes = {
				LastSwiftUpdateCheck = 1250;
				LastUpgradeCheck = 1250;
				TargetAttributes = {
					FA937E4A291A93A500D27D47 = {
						CreatedOnToolsVersion = 12.5.1;
					};
					FA937E60291A93A900D27D47 = {
						CreatedOnToolsVersion = 12.5.1;
						TestTargetID = FA937E4A291A93A500D27D47;
					};
					FA937E6B291A93A900D27D47 = {
						CreatedOnToolsVersion = 12.5.1;
						TestTargetID = FA937E4A291A93A500D27D47;
					};
				};
			};
			buildConfigurationList = FA937E46291A93A500D27D47 /* Build configuration list for PBXProject "gitTest" */;
			compatibilityVersion = "Xcode 9.3";
			developmentRegion = en;
			hasScannedForEncodings = 0;
			knownRegions = (
				en,
				Base,
			);
			mainGroup = FA937E42291A93A500D27D47;
			productRefGroup = FA937E4C291A93A500D27D47 /* Products */;
			projectDirPath = "";
			projectRoot = "";
			targets = (
				FA937E4A291A93A500D27D47 /* gitTest */,
				FA937E60291A93A900D27D47 /* gitTestTests */,
				FA937E6B291A93A900D27D47 /* gitTestUITests */,
			);
		};
/* End PBXProject section */

/* Begin PBXResourcesBuildPhase section */
		FA937E49291A93A500D27D47 /* Resources */ = {
			isa = PBXResourcesBuildPhase;
			buildActionMask = 2147483647;
			files = (
				FA937E5B291A93A900D27D47 /* LaunchScreen.storyboard in Resources */,
				FA937E58291A93A900D27D47 /* Assets.xcassets in Resources */,
				FA937E56291A93A500D27D47 /* Main.storyboard in Resources */,
			);
			runOnlyForDeploymentPostprocessing = 0;
		};
		FA937E5F291A93A900D27D47 /* Resources */ = {
			isa = PBXResourcesBuildPhase;
			buildActionMask = 2147483647;
			files = (
			);
			runOnlyForDeploymentPostprocessing = 0;
		};
		FA937E6A291A93A900D27D47 /* Resources */ = {
			isa = PBXResourcesBuildPhase;
			buildActionMask = 2147483647;
			files = (
			);
			runOnlyForDeploymentPostprocessing = 0;
		};
/* End PBXResourcesBuildPhase section */

/* Begin PBXSourcesBuildPhase section */
		FA937E47291A93A500D27D47 /* Sources */ = {
			isa = PBXSourcesBuildPhase;
			buildActionMask = 2147483647;
			files = (
				FA937E53291A93A500D27D47 /* ViewController.swift in Sources */,
				FA937E4F291A93A500D27D47 /* AppDelegate.swift in Sources */,
				FA937E51291A93A500D27D47 /* SceneDelegate.swift in Sources */,
			);
			runOnlyForDeploymentPostprocessing = 0;
		};
		FA937E5D291A93A900D27D47 /* Sources */ = {
			isa = PBXSourcesBuildPhase;
			buildActionMask = 2147483647;
			files = (
				FA937E66291A93A900D27D47 /* gitTestTests.swift in Sources */,
			);
			runOnlyForDeploymentPostprocessing = 0;
		};
		FA937E68291A93A900D27D47 /* Sources */ = {
			isa = PBXSourcesBuildPhase;
			buildActionMask = 2147483647;
			files = (
				FA937E71291A93A900D27D47 /* gitTestUITests.swift in Sources */,
			);
			runOnlyForDeploymentPostprocessing = 0;
		};
/* End PBXSourcesBuildPhase section */

/* Begin PBXTargetDependency section */
		FA937E63291A93A900D27D47 /* PBXTargetDependency */ = {
			isa = PBXTargetDependency;
			target = FA937E4A291A93A500D27D47 /* gitTest */;
			targetProxy = FA937E62291A93A900D27D47 /* PBXContainerItemProxy */;
		};
		FA937E6E291A93A900D27D47 /* PBXTargetDependency */ = {
			isa = PBXTargetDependency;
			target = FA937E4A291A93A500D27D47 /* gitTest */;
			targetProxy = FA937E6D291A93A900D27D47 /* PBXContainerItemProxy */;
		};
/* End PBXTargetDependency section */

/* Begin PBXVariantGroup section */
		FA937E54291A93A500D27D47 /* Main.storyboard */ = {
			isa = PBXVariantGroup;
			children = (
				FA937E55291A93A500D27D47 /* Base */,
			);
			name = Main.storyboard;
			sourceTree = "<group>";
		};
		FA937E59291A93A900D27D47 /* LaunchScreen.storyboard */ = {
			isa = PBXVariantGroup;
			children = (
				FA937E5A291A93A900D27D47 /* Base */,
			);
			name = LaunchScreen.storyboard;
			sourceTree = "<group>";
		};
/* End PBXVariantGroup section */

/* Begin XCBuildConfiguration section */
		FA937E73291A93A900D27D47 /* Debug */ = {
			isa = XCBuildConfiguration;
			buildSettings = {
				ALWAYS_SEARCH_USER_PATHS = NO;
				CLANG_ANALYZER_NONNULL = YES;
				CLANG_ANALYZER_NUMBER_OBJECT_CONVERSION = YES_AGGRESSIVE;
				CLANG_CXX_LANGUAGE_STANDARD = "gnu++14";
				CLANG_CXX_LIBRARY = "libc++";
				CLANG_ENABLE_MODULES = YES;
				CLANG_ENABLE_OBJC_ARC = YES;
				CLANG_ENABLE_OBJC_WEAK = YES;
				CLANG_WARN_BLOCK_CAPTURE_AUTORELEASING = YES;
				CLANG_WARN_BOOL_CONVERSION = YES;
				CLANG_WARN_COMMA = YES;
				CLANG_WARN_CONSTANT_CONVERSION = YES;
				CLANG_WARN_DEPRECATED_OBJC_IMPLEMENTATIONS = YES;
				CLANG_WARN_DIRECT_OBJC_ISA_USAGE = YES_ERROR;
				CLANG_WARN_DOCUMENTATION_COMMENTS = YES;
				CLANG_WARN_EMPTY_BODY = YES;
				CLANG_WARN_ENUM_CONVERSION = YES;
				CLANG_WARN_INFINITE_RECURSION = YES;
				CLANG_WARN_INT_CONVERSION = YES;
				CLANG_WARN_NON_LITERAL_NULL_CONVERSION = YES;
				CLANG_WARN_OBJC_IMPLICIT_RETAIN_SELF = YES;
				CLANG_WARN_OBJC_LITERAL_CONVERSION = YES;
				CLANG_WARN_OBJC_ROOT_CLASS = YES_ERROR;
				CLANG_WARN_QUOTED_INCLUDE_IN_FRAMEWORK_HEADER = YES;
				CLANG_WARN_RANGE_LOOP_ANALYSIS = YES;
				CLANG_WARN_STRICT_PROTOTYPES = YES;
				CLANG_WARN_SUSPICIOUS_MOVE = YES;
				CLANG_WARN_UNGUARDED_AVAILABILITY = YES_AGGRESSIVE;
				CLANG_WARN_UNREACHABLE_CODE = YES;
				CLANG_WARN__DUPLICATE_METHOD_MATCH = YES;
				COPY_PHASE_STRIP = NO;
				DEBUG_INFORMATION_FORMAT = dwarf;
				ENABLE_STRICT_OBJC_MSGSEND = YES;
				ENABLE_TESTABILITY = YES;
				GCC_C_LANGUAGE_STANDARD = gnu11;
				GCC_DYNAMIC_NO_PIC = NO;
				GCC_NO_COMMON_BLOCKS = YES;
				GCC_OPTIMIZATION_LEVEL = 0;
				GCC_PREPROCESSOR_DEFINITIONS = (
					"DEBUG=1",
					"$(inherited)",
				);
				GCC_WARN_64_TO_32_BIT_CONVERSION = YES;
				GCC_WARN_ABOUT_RETURN_TYPE = YES_ERROR;
				GCC_WARN_UNDECLARED_SELECTOR = YES;
				GCC_WARN_UNINITIALIZED_AUTOS = YES_AGGRESSIVE;
				GCC_WARN_UNUSED_FUNCTION = YES;
				GCC_WARN_UNUSED_VARIABLE = YES;
				IPHONEOS_DEPLOYMENT_TARGET = 14.5;
				MTL_ENABLE_DEBUG_INFO = INCLUDE_SOURCE;
				MTL_FAST_MATH = YES;
				ONLY_ACTIVE_ARCH = YES;
				SDKROOT = iphoneos;
				SWIFT_ACTIVE_COMPILATION_CONDITIONS = DEBUG;
				SWIFT_OPTIMIZATION_LEVEL = "-Onone";
			};
			name = Debug;
		};
		FA937E74291A93A900D27D47 /* Release */ = {
			isa = XCBuildConfiguration;
			buildSettings = {
				ALWAYS_SEARCH_USER_PATHS = NO;
				CLANG_ANALYZER_NONNULL = YES;
				CLANG_ANALYZER_NUMBER_OBJECT_CONVERSION = YES_AGGRESSIVE;
				CLANG_CXX_LANGUAGE_STANDARD = "gnu++14";
				CLANG_CXX_LIBRARY = "libc++";
				CLANG_ENABLE_MODULES = YES;
				CLANG_ENABLE_OBJC_ARC = YES;
				CLANG_ENABLE_OBJC_WEAK = YES;
				CLANG_WARN_BLOCK_CAPTURE_AUTORELEASING = YES;
				CLANG_WARN_BOOL_CONVERSION = YES;
				CLANG_WARN_COMMA = YES;
				CLANG_WARN_CONSTANT_CONVERSION = YES;
				CLANG_WARN_DEPRECATED_OBJC_IMPLEMENTATIONS = YES;
				CLANG_WARN_DIRECT_OBJC_ISA_USAGE = YES_ERROR;
				CLANG_WARN_DOCUMENTATION_COMMENTS = YES;
				CLANG_WARN_EMPTY_BODY = YES;
				CLANG_WARN_ENUM_CONVERSION = YES;
				CLANG_WARN_INFINITE_RECURSION = YES;
				CLANG_WARN_INT_CONVERSION = YES;
				CLANG_WARN_NON_LITERAL_NULL_CONVERSION = YES;
				CLANG_WARN_OBJC_IMPLICIT_RETAIN_SELF = YES;
				CLANG_WARN_OBJC_LITERAL_CONVERSION = YES;
				CLANG_WARN_OBJC_ROOT_CLASS = YES_ERROR;
				CLANG_WARN_QUOTED_INCLUDE_IN_FRAMEWORK_HEADER = YES;
				CLANG_WARN_RANGE_LOOP_ANALYSIS = YES;
				CLANG_WARN_STRICT_PROTOTYPES = YES;
				CLANG_WARN_SUSPICIOUS_MOVE = YES;
				CLANG_WARN_UNGUARDED_AVAILABILITY = YES_AGGRESSIVE;
				CLANG_WARN_UNREACHABLE_CODE = YES;
				CLANG_WARN__DUPLICATE_METHOD_MATCH = YES;
				COPY_PHASE_STRIP = NO;
				DEBUG_INFORMATION_FORMAT = "dwarf-with-dsym";
				ENABLE_NS_ASSERTIONS = NO;
				ENABLE_STRICT_OBJC_MSGSEND = YES;
				GCC_C_LANGUAGE_STANDARD = gnu11;
				GCC_NO_COMMON_BLOCKS = YES;
				GCC_WARN_64_TO_32_BIT_CONVERSION = YES;
				GCC_WARN_ABOUT_RETURN_TYPE = YES_ERROR;
				GCC_WARN_UNDECLARED_SELECTOR = YES;
				GCC_WARN_UNINITIALIZED_AUTOS = YES_AGGRESSIVE;
				GCC_WARN_UNUSED_FUNCTION = YES;
				GCC_WARN_UNUSED_VARIABLE = YES;
				IPHONEOS_DEPLOYMENT_TARGET = 14.5;
				MTL_ENABLE_DEBUG_INFO = NO;
				MTL_FAST_MATH = YES;
				SDKROOT = iphoneos;
				SWIFT_COMPILATION_MODE = wholemodule;
				SWIFT_OPTIMIZATION_LEVEL = "-O";
				VALIDATE_PRODUCT = YES;
			};
			name = Release;
		};
		FA937E76291A93A900D27D47 /* Debug */ = {
			isa = XCBuildConfiguration;
			buildSettings = {
				ASSETCATALOG_COMPILER_APPICON_NAME = AppIcon;
				ASSETCATALOG_COMPILER_GLOBAL_ACCENT_COLOR_NAME = AccentColor;
				CODE_SIGN_STYLE = Automatic;
				INFOPLIST_FILE = gitTest/Info.plist;
				LD_RUNPATH_SEARCH_PATHS = (
					"$(inherited)",
					"@executable_path/Frameworks",
				);
				PRODUCT_BUNDLE_IDENTIFIER = www.bdgk.com.gitTest;
				PRODUCT_NAME = "$(TARGET_NAME)";
				SWIFT_VERSION = 5.0;
				TARGETED_DEVICE_FAMILY = "1,2";
			};
			name = Debug;
		};
		FA937E77291A93A900D27D47 /* Release */ = {
			isa = XCBuildConfiguration;
			buildSettings = {
				ASSETCATALOG_COMPILER_APPICON_NAME = AppIcon;
				ASSETCATALOG_COMPILER_GLOBAL_ACCENT_COLOR_NAME = AccentColor;
				CODE_SIGN_STYLE = Automatic;
				INFOPLIST_FILE = gitTest/Info.plist;
				LD_RUNPATH_SEARCH_PATHS = (
					"$(inherited)",
					"@executable_path/Frameworks",
				);
				PRODUCT_BUNDLE_IDENTIFIER = www.bdgk.com.gitTest;
				PRODUCT_NAME = "$(TARGET_NAME)";
				SWIFT_VERSION = 5.0;
				TARGETED_DEVICE_FAMILY = "1,2";
			};
			name = Release;
		};
		FA937E79291A93A900D27D47 /* Debug */ = {
			isa = XCBuildConfiguration;
			buildSettings = {
				ALWAYS_EMBED_SWIFT_STANDARD_LIBRARIES = YES;
				BUNDLE_LOADER = "$(TEST_HOST)";
				CODE_SIGN_STYLE = Automatic;
				INFOPLIST_FILE = gitTestTests/Info.plist;
				IPHONEOS_DEPLOYMENT_TARGET = 14.5;
				LD_RUNPATH_SEARCH_PATHS = (
					"$(inherited)",
					"@executable_path/Frameworks",
					"@loader_path/Frameworks",
				);
				PRODUCT_BUNDLE_IDENTIFIER = www.bdgk.com.gitTestTests;
				PRODUCT_NAME = "$(TARGET_NAME)";
				SWIFT_VERSION = 5.0;
				TARGETED_DEVICE_FAMILY = "1,2";
				TEST_HOST = "$(BUILT_PRODUCTS_DIR)/gitTest.app/gitTest";
			};
			name = Debug;
		};
		FA937E7A291A93A900D27D47 /* Release */ = {
			isa = XCBuildConfiguration;
			buildSettings = {
				ALWAYS_EMBED_SWIFT_STANDARD_LIBRARIES = YES;
				BUNDLE_LOADER = "$(TEST_HOST)";
				CODE_SIGN_STYLE = Automatic;
				INFOPLIST_FILE = gitTestTests/Info.plist;
				IPHONEOS_DEPLOYMENT_TARGET = 14.5;
				LD_RUNPATH_SEARCH_PATHS = (
					"$(inherited)",
					"@executable_path/Frameworks",
					"@loader_path/Frameworks",
				);
				PRODUCT_BUNDLE_IDENTIFIER = www.bdgk.com.gitTestTests;
				PRODUCT_NAME = "$(TARGET_NAME)";
				SWIFT_VERSION = 5.0;
				TARGETED_DEVICE_FAMILY = "1,2";
				TEST_HOST = "$(BUILT_PRODUCTS_DIR)/gitTest.app/gitTest";
			};
			name = Release;
		};
		FA937E7C291A93A900D27D47 /* Debug */ = {
			isa = XCBuildConfiguration;
			buildSettings = {
				ALWAYS_EMBED_SWIFT_STANDARD_LIBRARIES = YES;
				CODE_SIGN_STYLE = Automatic;
				INFOPLIST_FILE = gitTestUITests/Info.plist;
				LD_RUNPATH_SEARCH_PATHS = (
					"$(inherited)",
					"@executable_path/Frameworks",
					"@loader_path/Frameworks",
				);
				PRODUCT_BUNDLE_IDENTIFIER = www.bdgk.com.gitTestUITests;
				PRODUCT_NAME = "$(TARGET_NAME)";
				SWIFT_VERSION = 5.0;
				TARGETED_DEVICE_FAMILY = "1,2";
				TEST_TARGET_NAME = gitTest;
			};
			name = Debug;
		};
		FA937E7D291A93A900D27D47 /* Release */ = {
			isa = XCBuildConfiguration;
			buildSettings = {
				ALWAYS_EMBED_SWIFT_STANDARD_LIBRARIES = YES;
				CODE_SIGN_STYLE = Automatic;
				INFOPLIST_FILE = gitTestUITests/Info.plist;
				LD_RUNPATH_SEARCH_PATHS = (
					"$(inherited)",
					"@executable_path/Frameworks",
					"@loader_path/Frameworks",
				);
				PRODUCT_BUNDLE_IDENTIFIER = www.bdgk.com.gitTestUITests;
				PRODUCT_NAME = "$(TARGET_NAME)";
				SWIFT_VERSION = 5.0;
				TARGETED_DEVICE_FAMILY = "1,2";
				TEST_TARGET_NAME = gitTest;
			};
			name = Release;
		};
/* End XCBuildConfiguration section */

/* Begin XCConfigurationList section */
		FA937E46291A93A500D27D47 /* Build configuration list for PBXProject "gitTest" */ = {
			isa = XCConfigurationList;
			buildConfigurations = (
				FA937E73291A93A900D27D47 /* Debug */,
				FA937E74291A93A900D27D47 /* Release */,
			);
			defaultConfigurationIsVisible = 0;
			defaultConfigurationName = Release;
		};
		FA937E75291A93A900D27D47 /* Build configuration list for PBXNativeTarget "gitTest" */ = {
			isa = XCConfigurationList;
			buildConfigurations = (
				FA937E76291A93A900D27D47 /* Debug */,
				FA937E77291A93A900D27D47 /* Release */,
			);
			defaultConfigurationIsVisible = 0;
			defaultConfigurationName = Release;
		};
		FA937E78291A93A900D27D47 /* Build configuration list for PBXNativeTarget "gitTestTests" */ = {
			isa = XCConfigurationList;
			buildConfigurations = (
				FA937E79291A93A900D27D47 /* Debug */,
				FA937E7A291A93A900D27D47 /* Release */,
			);
			defaultConfigurationIsVisible = 0;
			defaultConfigurationName = Release;
		};
		FA937E7B291A93A900D27D47 /* Build configuration list for PBXNativeTarget "gitTestUITests" */ = {
			isa = XCConfigurationList;
			buildConfigurations = (
				FA937E7C291A93A900D27D47 /* Debug */,
				FA937E7D291A93A900D27D47 /* Release */,
			);
			defaultConfigurationIsVisible = 0;
			defaultConfigurationName = Release;
		};
/* End XCConfigurationList section */
	};
	rootObject = FA937E43291A93A500D27D47 /* Project object */;
}
